
Microsoft Visual Studio Solution File, Format Version 12.00
# Visual Studio Version 17
VisualStudioVersion = 17.0.31903.59
MinimumVisualStudioVersion = 10.0.40219.1
Project("{FAE04EC0-301F-11D3-BF4B-00C04F79EFBC}") = "ParkingZoneMinimalApi", "ParkingZoneMinimalApi\ParkingZoneMinimalApi.csproj", "{FDA05F30-C0A6-4CD6-8BA4-01B8064C3744}"
EndProject
Global
	GlobalSection(SolutionConfigurationPlatforms) = preSolution
		Debug|Any CPU = Debug|Any CPU
		Release|Any CPU = Release|Any CPU
	EndGlobalSection
	GlobalSection(ProjectConfigurationPlatforms) = postSolution
		{FDA05F30-C0A6-4CD6-8BA4-01B8064C3744}.Debug|Any CPU.ActiveCfg = Debug|Any CPU
		{FDA05F30-C0A6-4CD6-8BA4-01B8064C3744}.Debug|Any CPU.Build.0 = Debug|Any CPU
		{FDA05F30-C0A6-4CD6-8BA4-01B8064C3744}.Release|Any CPU.ActiveCfg = Release|Any CPU
		{FDA05F30-C0A6-4CD6-8BA4-01B8064C3744}.Release|Any CPU.Build.0 = Release|Any CPU
	EndGlobalSection
	GlobalSection(SolutionProperties) = preSolution
		HideSolutionNode = FALSE
	EndGlobalSection
EndGlobal
